PODS:
  - Alamofire (5.7.1)
  - SwiftyJSON (5.0.1)
  - WMSegmentControl (2.3)

DEPENDENCIES:
  - Alamofire (~> 5.6)
  - SwiftyJSON
  - WMSegmentControl

SPEC REPOS:
  trunk:
    - Alamofire
    - SwiftyJSON
    - WMSegmentControl

SPEC CHECKSUMS:
  Alamofire: 0123a34370cb170936ae79a8df46cc62b2edeb88
  SwiftyJSON: 2f33a42c6fbc52764d96f13368585094bfd8aa5e
  WMSegmentControl: 15120246d0fdbb7530d7fa03e90c3ec6f4fa85bd

PODFILE CHECKSUM: 5da9aa4703dfdd75370c498b94e6759467630eb6

COCOAPODS: 1.12.1
